
Microsoft Visual Studio Solution File, Format Version 12.00
# Visual Studio Version 16
VisualStudioVersion = 16.0.32228.343
MinimumVisualStudioVersion = 10.0.40219.1
Project("{FAE04EC0-301F-11D3-BF4B-00C04F79EFBC}") = "Apimonth", "Apimonth.csproj", "{1D060B9C-76ED-422F-AB33-3EA3E1C3A932}"
EndProject
Project("{FAE04EC0-301F-11D3-BF4B-00C04F79EFBC}") = "learn.infra", "..\learn.infra\learn.infra.csproj", "{A3DFD598-8CFC-4FD7-96A3-A7F884D96E55}"
EndProject
Project("{FAE04EC0-301F-11D3-BF4B-00C04F79EFBC}") = "learn.core", "..\learn.core\learn.core.csproj", "{A1DD8C88-F694-4FEB-ABDD-CFED0F467E5C}"
EndProject
Global
	GlobalSection(SolutionConfigurationPlatforms) = preSolution
		Debug|Any CPU = Debug|Any CPU
		Release|Any CPU = Release|Any CPU
	EndGlobalSection
	GlobalSection(ProjectConfigurationPlatforms) = postSolution
		{1D060B9C-76ED-422F-AB33-3EA3E1C3A932}.Debug|Any CPU.ActiveCfg = Debug|Any CPU
		{1D060B9C-76ED-422F-AB33-3EA3E1C3A932}.Debug|Any CPU.Build.0 = Debug|Any CPU
		{1D060B9C-76ED-422F-AB33-3EA3E1C3A932}.Release|Any CPU.ActiveCfg = Release|Any CPU
		{1D060B9C-76ED-422F-AB33-3EA3E1C3A932}.Release|Any CPU.Build.0 = Release|Any CPU
		{A3DFD598-8CFC-4FD7-96A3-A7F884D96E55}.Debug|Any CPU.ActiveCfg = Debug|Any CPU
		{A3DFD598-8CFC-4FD7-96A3-A7F884D96E55}.Debug|Any CPU.Build.0 = Debug|Any CPU
		{A3DFD598-8CFC-4FD7-96A3-A7F884D96E55}.Release|Any CPU.ActiveCfg = Release|Any CPU
		{A3DFD598-8CFC-4FD7-96A3-A7F884D96E55}.Release|Any CPU.Build.0 = Release|Any CPU
		{A1DD8C88-F694-4FEB-ABDD-CFED0F467E5C}.Debug|Any CPU.ActiveCfg = Debug|Any CPU
		{A1DD8C88-F694-4FEB-ABDD-CFED0F467E5C}.Debug|Any CPU.Build.0 = Debug|Any CPU
		{A1DD8C88-F694-4FEB-ABDD-CFED0F467E5C}.Release|Any CPU.ActiveCfg = Release|Any CPU
		{A1DD8C88-F694-4FEB-ABDD-CFED0F467E5C}.Release|Any CPU.Build.0 = Release|Any CPU
	EndGlobalSection
	GlobalSection(SolutionProperties) = preSolution
		HideSolutionNode = FALSE
	EndGlobalSection
	GlobalSection(ExtensibilityGlobals) = postSolution
		SolutionGuid = {066388EE-9AE6-4993-88DC-E713B289BFC4}
	EndGlobalSection
EndGlobal
